
Microsoft Visual Studio Solution File, Format Version 12.00
# Visual Studio Version 16
VisualStudioVersion = 16.0.31313.79
MinimumVisualStudioVersion = 15.0.26124.0
Project("{9A19103F-16F7-4668-BE54-9A1E7A4F7556}") = "ConsoleApp", "ConsoleApp\ConsoleApp.csproj", "{73325774-DBA1-4148-9760-50F5CE8C3624}"
EndProject
Project("{9A19103F-16F7-4668-BE54-9A1E7A4F7556}") = "IOOperations", "IOOPerations\IOOperations.csproj", "{20FAF599-2C82-44CF-871A-E1F446919D2B}"
EndProject
Project("{9A19103F-16F7-4668-BE54-9A1E7A4F7556}") = "MLAlgoLib", "MLAlgoLib\MLAlgoLib.csproj", "{B6BCF0F8-A97E-4EF6-93CE-CD6243972267}"
EndProject
Project("{778DAE3C-4631-46EA-AA77-85C1314464D9}") = "MonoObjectiveEOALib", "MonoObjectiveEOALib\MonoObjectiveEOALib.vbproj", "{41F026DC-C7F3-4515-8DA3-C4D1F07E3812}"
EndProject
Project("{9A19103F-16F7-4668-BE54-9A1E7A4F7556}") = "MLAlgoLib.Tests", "MLAlgoLib.Tests\MLAlgoLib.Tests.csproj", "{DC31A44F-28B9-4D5F-AC19-304F5AED1F67}"
EndProject
Project("{54435603-DBB4-11D2-8724-00A0C9A8B90C}") = "ML_Setup", "ML_Setup\ML_Setup.vdproj", "{91FDA1A1-C009-46F7-A230-3506CE72F92C}"
EndProject
Global
	GlobalSection(SolutionConfigurationPlatforms) = preSolution
		Debug|Any CPU = Debug|Any CPU
		Debug|x64 = Debug|x64
		Debug|x86 = Debug|x86
		Release|Any CPU = Release|Any CPU
		Release|x64 = Release|x64
		Release|x86 = Release|x86
	EndGlobalSection
	GlobalSection(ProjectConfigurationPlatforms) = postSolution
		{73325774-DBA1-4148-9760-50F5CE8C3624}.Debug|Any CPU.ActiveCfg = Debug|Any CPU
		{73325774-DBA1-4148-9760-50F5CE8C3624}.Debug|Any CPU.Build.0 = Debug|Any CPU
		{73325774-DBA1-4148-9760-50F5CE8C3624}.Debug|x64.ActiveCfg = Debug|Any CPU
		{73325774-DBA1-4148-9760-50F5CE8C3624}.Debug|x64.Build.0 = Debug|Any CPU
		{73325774-DBA1-4148-9760-50F5CE8C3624}.Debug|x86.ActiveCfg = Debug|Any CPU
		{73325774-DBA1-4148-9760-50F5CE8C3624}.Debug|x86.Build.0 = Debug|Any CPU
		{73325774-DBA1-4148-9760-50F5CE8C3624}.Release|Any CPU.ActiveCfg = Release|Any CPU
		{73325774-DBA1-4148-9760-50F5CE8C3624}.Release|Any CPU.Build.0 = Release|Any CPU
		{73325774-DBA1-4148-9760-50F5CE8C3624}.Release|x64.ActiveCfg = Release|Any CPU
		{73325774-DBA1-4148-9760-50F5CE8C3624}.Release|x64.Build.0 = Release|Any CPU
		{73325774-DBA1-4148-9760-50F5CE8C3624}.Release|x86.ActiveCfg = Release|Any CPU
		{73325774-DBA1-4148-9760-50F5CE8C3624}.Release|x86.Build.0 = Release|Any CPU
		{20FAF599-2C82-44CF-871A-E1F446919D2B}.Debug|Any CPU.ActiveCfg = Debug|Any CPU
		{20FAF599-2C82-44CF-871A-E1F446919D2B}.Debug|Any CPU.Build.0 = Debug|Any CPU
		{20FAF599-2C82-44CF-871A-E1F446919D2B}.Debug|x64.ActiveCfg = Debug|Any CPU
		{20FAF599-2C82-44CF-871A-E1F446919D2B}.Debug|x64.Build.0 = Debug|Any CPU
		{20FAF599-2C82-44CF-871A-E1F446919D2B}.Debug|x86.ActiveCfg = Debug|Any CPU
		{20FAF599-2C82-44CF-871A-E1F446919D2B}.Debug|x86.Build.0 = Debug|Any CPU
		{20FAF599-2C82-44CF-871A-E1F446919D2B}.Release|Any CPU.ActiveCfg = Release|Any CPU
		{20FAF599-2C82-44CF-871A-E1F446919D2B}.Release|Any CPU.Build.0 = Release|Any CPU
		{20FAF599-2C82-44CF-871A-E1F446919D2B}.Release|x64.ActiveCfg = Release|Any CPU
		{20FAF599-2C82-44CF-871A-E1F446919D2B}.Release|x64.Build.0 = Release|Any CPU
		{20FAF599-2C82-44CF-871A-E1F446919D2B}.Release|x86.ActiveCfg = Release|Any CPU
		{20FAF599-2C82-44CF-871A-E1F446919D2B}.Release|x86.Build.0 = Release|Any CPU
		{B6BCF0F8-A97E-4EF6-93CE-CD6243972267}.Debug|Any CPU.ActiveCfg = Debug|Any CPU
		{B6BCF0F8-A97E-4EF6-93CE-CD6243972267}.Debug|Any CPU.Build.0 = Debug|Any CPU
		{B6BCF0F8-A97E-4EF6-93CE-CD6243972267}.Debug|x64.ActiveCfg = Debug|Any CPU
		{B6BCF0F8-A97E-4EF6-93CE-CD6243972267}.Debug|x64.Build.0 = Debug|Any CPU
		{B6BCF0F8-A97E-4EF6-93CE-CD6243972267}.Debug|x86.ActiveCfg = Debug|Any CPU
		{B6BCF0F8-A97E-4EF6-93CE-CD6243972267}.Debug|x86.Build.0 = Debug|Any CPU
		{B6BCF0F8-A97E-4EF6-93CE-CD6243972267}.Release|Any CPU.ActiveCfg = Release|Any CPU
		{B6BCF0F8-A97E-4EF6-93CE-CD6243972267}.Release|Any CPU.Build.0 = Release|Any CPU
		{B6BCF0F8-A97E-4EF6-93CE-CD6243972267}.Release|x64.ActiveCfg = Release|Any CPU
		{B6BCF0F8-A97E-4EF6-93CE-CD6243972267}.Release|x64.Build.0 = Release|Any CPU
		{B6BCF0F8-A97E-4EF6-93CE-CD6243972267}.Release|x86.ActiveCfg = Release|Any CPU
		{B6BCF0F8-A97E-4EF6-93CE-CD6243972267}.Release|x86.Build.0 = Release|Any CPU
		{41F026DC-C7F3-4515-8DA3-C4D1F07E3812}.Debug|Any CPU.ActiveCfg = Debug|Any CPU
		{41F026DC-C7F3-4515-8DA3-C4D1F07E3812}.Debug|Any CPU.Build.0 = Debug|Any CPU
		{41F026DC-C7F3-4515-8DA3-C4D1F07E3812}.Debug|x64.ActiveCfg = Debug|Any CPU
		{41F026DC-C7F3-4515-8DA3-C4D1F07E3812}.Debug|x64.Build.0 = Debug|Any CPU
		{41F026DC-C7F3-4515-8DA3-C4D1F07E3812}.Debug|x86.ActiveCfg = Debug|Any CPU
		{41F026DC-C7F3-4515-8DA3-C4D1F07E3812}.Debug|x86.Build.0 = Debug|Any CPU
		{41F026DC-C7F3-4515-8DA3-C4D1F07E3812}.Release|Any CPU.ActiveCfg = Release|Any CPU
		{41F026DC-C7F3-4515-8DA3-C4D1F07E3812}.Release|Any CPU.Build.0 = Release|Any CPU
		{41F026DC-C7F3-4515-8DA3-C4D1F07E3812}.Release|x64.ActiveCfg = Release|Any CPU
		{41F026DC-C7F3-4515-8DA3-C4D1F07E3812}.Release|x64.Build.0 = Release|Any CPU
		{41F026DC-C7F3-4515-8DA3-C4D1F07E3812}.Release|x86.ActiveCfg = Release|Any CPU
		{41F026DC-C7F3-4515-8DA3-C4D1F07E3812}.Release|x86.Build.0 = Release|Any CPU
		{DC31A44F-28B9-4D5F-AC19-304F5AED1F67}.Debug|Any CPU.ActiveCfg = Debug|Any CPU
		{DC31A44F-28B9-4D5F-AC19-304F5AED1F67}.Debug|Any CPU.Build.0 = Debug|Any CPU
		{DC31A44F-28B9-4D5F-AC19-304F5AED1F67}.Debug|x64.ActiveCfg = Debug|Any CPU
		{DC31A44F-28B9-4D5F-AC19-304F5AED1F67}.Debug|x64.Build.0 = Debug|Any CPU
		{DC31A44F-28B9-4D5F-AC19-304F5AED1F67}.Debug|x86.ActiveCfg = Debug|Any CPU
		{DC31A44F-28B9-4D5F-AC19-304F5AED1F67}.Debug|x86.Build.0 = Debug|Any CPU
		{DC31A44F-28B9-4D5F-AC19-304F5AED1F67}.Release|Any CPU.ActiveCfg = Release|Any CPU
		{DC31A44F-28B9-4D5F-AC19-304F5AED1F67}.Release|Any CPU.Build.0 = Release|Any CPU
		{DC31A44F-28B9-4D5F-AC19-304F5AED1F67}.Release|x64.ActiveCfg = Release|Any CPU
		{DC31A44F-28B9-4D5F-AC19-304F5AED1F67}.Release|x64.Build.0 = Release|Any CPU
		{DC31A44F-28B9-4D5F-AC19-304F5AED1F67}.Release|x86.ActiveCfg = Release|Any CPU
		{DC31A44F-28B9-4D5F-AC19-304F5AED1F67}.Release|x86.Build.0 = Release|Any CPU
		{91FDA1A1-C009-46F7-A230-3506CE72F92C}.Debug|Any CPU.ActiveCfg = Debug
		{91FDA1A1-C009-46F7-A230-3506CE72F92C}.Debug|x64.ActiveCfg = Debug
		{91FDA1A1-C009-46F7-A230-3506CE72F92C}.Debug|x86.ActiveCfg = Debug
		{91FDA1A1-C009-46F7-A230-3506CE72F92C}.Release|Any CPU.ActiveCfg = Release
		{91FDA1A1-C009-46F7-A230-3506CE72F92C}.Release|x64.ActiveCfg = Release
		{91FDA1A1-C009-46F7-A230-3506CE72F92C}.Release|x86.ActiveCfg = Release
	EndGlobalSection
	GlobalSection(SolutionProperties) = preSolution
		HideSolutionNode = FALSE
	EndGlobalSection
	GlobalSection(ExtensibilityGlobals) = postSolution
		SolutionGuid = {4800C20E-9E90-4720-978F-CC9291E95036}
	EndGlobalSection
EndGlobal
